{
  "object": {
    "pins": [
      {
        "package": "Alamofire",
        "repositoryURL": "https://github.com/Alamofire/Alamofire",
        "state": {
          "branch": null,
          "revision": "f96b619bcb2383b43d898402283924b80e2c4bae",
          "version": "5.4.3"
        }
      },
      {
        "package": "PromiseKit",
        "repositoryURL": "https://github.com/mxcl/PromiseKit",
        "state": {
          "branch": null,
          "revision": "d2f7ba14bcdc45e18f4f60ad9df883fb9055f081",
          "version": "6.15.3"
        }
      },
      {
        "package": "Repeat",
        "repositoryURL": "https://github.com/malcommac/Repeat",
        "state": {
          "branch": null,
          "revision": "9df757d0936c15dfd9d01067766fab87e927f838",
          "version": "0.6.0"
        }
      },
      {
        "package": "swift-argument-parser",
        "repositoryURL": "https://github.com/apple/swift-argument-parser",
        "state": {
          "branch": null,
          "revision": "d2930e8fcf9c33162b9fcc1d522bc975e2d4179b",
          "version": "1.0.1"
        }
      }
    ]
  },
  "version": 1
}
