// !$*UTF8*$!
{
	archiveVersion = 1;
	classes = {
	};
	objectVersion = 46;
	objects = {

/* Begin PBXBuildFile section */
		7D11BD8D1F7154C100C8CAAA /* Product.swift in Sources */ = {isa = PBXBuildFile; fileRef = 7D11BD8C1F7154C100C8CAAA /* Product.swift */; };
		7DF748221F70F3D000949D8E /* AppDelegate.swift in Sources */ = {isa = PBXBuildFile; fileRef = 7DF748211F70F3D000949D8E /* AppDelegate.swift */; };
		7DF748261F70F3D000949D8E /* Assets.xcassets in Resources */ = {isa = PBXBuildFile; fileRef = 7DF748251F70F3D000949D8E /* Assets.xcassets */; };
		7DF748291F70F3D000949D8E /* Main.storyboard in Resources */ = {isa = PBXBuildFile; fileRef = 7DF748271F70F3D000949D8E /* Main.storyboard */; };
		7DF748361F70F66800949D8E /* MainViewController.swift in Sources */ = {isa = PBXBuildFile; fileRef = 7DF748351F70F66800949D8E /* MainViewController.swift */; };
		7DF748381F70F7CC00949D8E /* Store.swift in Sources */ = {isa = PBXBuildFile; fileRef = 7DF748371F70F7CC00949D8E /* Store.swift */; };
		7DF7483B1F70FB6D00949D8E /* Constant.swift in Sources */ = {isa = PBXBuildFile; fileRef = 7DF7483A1F70FB6D00949D8E /* Constant.swift */; };
		7DF7483D1F70FCC400949D8E /* MainWindowController.swift in Sources */ = {isa = PBXBuildFile; fileRef = 7DF7483C1F70FCC400949D8E /* MainWindowController.swift */; };
		7DF748421F71240C00949D8E /* Availability.swift in Sources */ = {isa = PBXBuildFile; fileRef = 7DF748411F71240C00949D8E /* Availability.swift */; };
		7DF748441F71289600949D8E /* Products.json in Resources */ = {isa = PBXBuildFile; fileRef = 7DF748431F71289600949D8E /* Products.json */; };
		7DF748461F7128B700949D8E /* Device.swift in Sources */ = {isa = PBXBuildFile; fileRef = 7DF748451F7128B700949D8E /* Device.swift */; };
		B97DFD65E4E74ACA1B3DE986 /* Pods_AppleReserver.framework in Frameworks */ = {isa = PBXBuildFile; fileRef = 597DDD580CC45B36A2687C55 /* Pods_AppleReserver.framework */; };
/* End PBXBuildFile section */

/* Begin PBXFileReference section */
		0A22BD26D8A0614EE0AB6B2F /* Pods-AppleReserver.debug.xcconfig */ = {isa = PBXFileReference; includeInIndex = 1; lastKnownFileType = text.xcconfig; name = "Pods-AppleReserver.debug.xcconfig"; path = "Pods/Target Support Files/Pods-AppleReserver/Pods-AppleReserver.debug.xcconfig"; sourceTree = "<group>"; };
		49A7ABB83FFA27EE2FCEA332 /* Pods-AppleReserver.release.xcconfig */ = {isa = PBXFileReference; includeInIndex = 1; lastKnownFileType = text.xcconfig; name = "Pods-AppleReserver.release.xcconfig"; path = "Pods/Target Support Files/Pods-AppleReserver/Pods-AppleReserver.release.xcconfig"; sourceTree = "<group>"; };
		597DDD580CC45B36A2687C55 /* Pods_AppleReserver.framework */ = {isa = PBXFileReference; explicitFileType = wrapper.framework; includeInIndex = 0; path = Pods_AppleReserver.framework; sourceTree = BUILT_PRODUCTS_DIR; };
		7D11BD8C1F7154C100C8CAAA /* Product.swift */ = {isa = PBXFileReference; fileEncoding = 4; lastKnownFileType = sourcecode.swift; path = Product.swift; sourceTree = "<group>"; };
		7DF7481E1F70F3D000949D8E /* AppleReserver.app */ = {isa = PBXFileReference; explicitFileType = wrapper.application; includeInIndex = 0; path = AppleReserver.app; sourceTree = BUILT_PRODUCTS_DIR; };
		7DF748211F70F3D000949D8E /* AppDelegate.swift */ = {isa = PBXFileReference; lastKnownFileType = sourcecode.swift; path = AppDelegate.swift; sourceTree = "<group>"; };
		7DF748251F70F3D000949D8E /* Assets.xcassets */ = {isa = PBXFileReference; lastKnownFileType = folder.assetcatalog; path = Assets.xcassets; sourceTree = "<group>"; };
		7DF748281F70F3D000949D8E /* Base */ = {isa = PBXFileReference; lastKnownFileType = file.storyboard; name = Base; path = Base.lproj/Main.storyboard; sourceTree = "<group>"; };
		7DF7482A1F70F3D000949D8E /* Info.plist */ = {isa = PBXFileReference; lastKnownFileType = text.plist.xml; path = Info.plist; sourceTree = "<group>"; };
		7DF748351F70F66800949D8E /* MainViewController.swift */ = {isa = PBXFileReference; fileEncoding = 4; lastKnownFileType = sourcecode.swift; path = MainViewController.swift; sourceTree = "<group>"; };
		7DF748371F70F7CC00949D8E /* Store.swift */ = {isa = PBXFileReference; fileEncoding = 4; lastKnownFileType = sourcecode.swift; path = Store.swift; sourceTree = "<group>"; };
		7DF7483A1F70FB6D00949D8E /* Constant.swift */ = {isa = PBXFileReference; fileEncoding = 4; lastKnownFileType = sourcecode.swift; path = Constant.swift; sourceTree = "<group>"; };
		7DF7483C1F70FCC400949D8E /* MainWindowController.swift */ = {isa = PBXFileReference; fileEncoding = 4; lastKnownFileType = sourcecode.swift; path = MainWindowController.swift; sourceTree = "<group>"; };
		7DF748411F71240C00949D8E /* Availability.swift */ = {isa = PBXFileReference; fileEncoding = 4; lastKnownFileType = sourcecode.swift; path = Availability.swift; sourceTree = "<group>"; };
		7DF748431F71289600949D8E /* Products.json */ = {isa = PBXFileReference; fileEncoding = 4; lastKnownFileType = text.json; path = Products.json; sourceTree = "<group>"; };
		7DF748451F7128B700949D8E /* Device.swift */ = {isa = PBXFileReference; fileEncoding = 4; lastKnownFileType = sourcecode.swift; path = Device.swift; sourceTree = "<group>"; };
/* End PBXFileReference section */

/* Begin PBXFrameworksBuildPhase section */
		7DF7481B1F70F3D000949D8E /* Frameworks */ = {
			isa = PBXFrameworksBuildPhase;
			buildActionMask = 2147483647;
			files = (
				B97DFD65E4E74ACA1B3DE986 /* Pods_AppleReserver.framework in Frameworks */,
			);
			runOnlyForDeploymentPostprocessing = 0;
		};
/* End PBXFrameworksBuildPhase section */

/* Begin PBXGroup section */
		15C17FC1510552A5897398D0 /* Pods */ = {
			isa = PBXGroup;
			children = (
				0A22BD26D8A0614EE0AB6B2F /* Pods-AppleReserver.debug.xcconfig */,
				49A7ABB83FFA27EE2FCEA332 /* Pods-AppleReserver.release.xcconfig */,
			);
			name = Pods;
			sourceTree = "<group>";
		};
		7DF748151F70F3D000949D8E = {
			isa = PBXGroup;
			children = (
				7DF748201F70F3D000949D8E /* AppleReserver */,
				7DF7481F1F70F3D000949D8E /* Products */,
				15C17FC1510552A5897398D0 /* Pods */,
				86149565ADBBC8E56751FBD8 /* Frameworks */,
			);
			sourceTree = "<group>";
		};
		7DF7481F1F70F3D000949D8E /* Products */ = {
			isa = PBXGroup;
			children = (
				7DF7481E1F70F3D000949D8E /* AppleReserver.app */,
			);
			name = Products;
			sourceTree = "<group>";
		};
		7DF748201F70F3D000949D8E /* AppleReserver */ = {
			isa = PBXGroup;
			children = (
				7DF748211F70F3D000949D8E /* AppDelegate.swift */,
				7DF748271F70F3D000949D8E /* Main.storyboard */,
				7DF748251F70F3D000949D8E /* Assets.xcassets */,
				7DF748321F70F63900949D8E /* Module */,
				7DF748301F70F4ED00949D8E /* Supporting Files */,
			);
			path = AppleReserver;
			sourceTree = "<group>";
		};
		7DF748301F70F4ED00949D8E /* Supporting Files */ = {
			isa = PBXGroup;
			children = (
				7DF748431F71289600949D8E /* Products.json */,
				7DF7482A1F70F3D000949D8E /* Info.plist */,
			);
			name = "Supporting Files";
			sourceTree = "<group>";
		};
		7DF748311F70F63100949D8E /* Controller */ = {
			isa = PBXGroup;
			children = (
				7DF7483C1F70FCC400949D8E /* MainWindowController.swift */,
				7DF748351F70F66800949D8E /* MainViewController.swift */,
			);
			name = Controller;
			sourceTree = "<group>";
		};
		7DF748321F70F63900949D8E /* Module */ = {
			isa = PBXGroup;
			children = (
				7DF748391F70FB5B00949D8E /* Constant */,
				7DF748331F70F64800949D8E /* Model */,
				7DF748311F70F63100949D8E /* Controller */,
			);
			name = Module;
			sourceTree = "<group>";
		};
		7DF748331F70F64800949D8E /* Model */ = {
			isa = PBXGroup;
			children = (
				7DF748371F70F7CC00949D8E /* Store.swift */,
				7DF748411F71240C00949D8E /* Availability.swift */,
				7DF748451F7128B700949D8E /* Device.swift */,
				7D11BD8C1F7154C100C8CAAA /* Product.swift */,
			);
			name = Model;
			sourceTree = "<group>";
		};
		7DF748391F70FB5B00949D8E /* Constant */ = {
			isa = PBXGroup;
			children = (
				7DF7483A1F70FB6D00949D8E /* Constant.swift */,
			);
			name = Constant;
			sourceTree = "<group>";
		};
		86149565ADBBC8E56751FBD8 /* Frameworks */ = {
			isa = PBXGroup;
			children = (
				597DDD580CC45B36A2687C55 /* Pods_AppleReserver.framework */,
			);
			name = Frameworks;
			sourceTree = "<group>";
		};
/* End PBXGroup section */

/* Begin PBXNativeTarget section */
		7DF7481D1F70F3D000949D8E /* AppleReserver */ = {
			isa = PBXNativeTarget;
			buildConfigurationList = 7DF7482D1F70F3D000949D8E /* Build configuration list for PBXNativeTarget "AppleReserver" */;
			buildPhases = (
				BEC73449C094493EE65914CD /* [CP] Check Pods Manifest.lock */,
				7DF7481A1F70F3D000949D8E /* Sources */,
				7DF7481B1F70F3D000949D8E /* Frameworks */,
				7DF7481C1F70F3D000949D8E /* Resources */,
				283B069508CC4032A00F1335 /* [CP] Embed Pods Frameworks */,
			);
			buildRules = (
			);
			dependencies = (
			);
			name = AppleReserver;
			productName = AppleReserver;
			productReference = 7DF7481E1F70F3D000949D8E /* AppleReserver.app */;
			productType = "com.apple.product-type.application";
		};
/* End PBXNativeTarget section */

/* Begin PBXProject section */
		7DF748161F70F3D000949D8E /* Project object */ = {
			isa = PBXProject;
			attributes = {
				LastSwiftUpdateCheck = 0830;
				LastUpgradeCheck = 1200;
				ORGANIZATIONNAME = Sunnyyoung;
				TargetAttributes = {
					7DF7481D1F70F3D000949D8E = {
						CreatedOnToolsVersion = 8.3.3;
						ProvisioningStyle = Automatic;
					};
				};
			};
			buildConfigurationList = 7DF748191F70F3D000949D8E /* Build configuration list for PBXProject "AppleReserver" */;
			compatibilityVersion = "Xcode 3.2";
			developmentRegion = en;
			hasScannedForEncodings = 0;
			knownRegions = (
				en,
				Base,
			);
			mainGroup = 7DF748151F70F3D000949D8E;
			productRefGroup = 7DF7481F1F70F3D000949D8E /* Products */;
			projectDirPath = "";
			projectRoot = "";
			targets = (
				7DF7481D1F70F3D000949D8E /* AppleReserver */,
			);
		};
/* End PBXProject section */

/* Begin PBXResourcesBuildPhase section */
		7DF7481C1F70F3D000949D8E /* Resources */ = {
			isa = PBXResourcesBuildPhase;
			buildActionMask = 2147483647;
			files = (
				7DF748261F70F3D000949D8E /* Assets.xcassets in Resources */,
				7DF748441F71289600949D8E /* Products.json in Resources */,
				7DF748291F70F3D000949D8E /* Main.storyboard in Resources */,
			);
			runOnlyForDeploymentPostprocessing = 0;
		};
/* End PBXResourcesBuildPhase section */

/* Begin PBXShellScriptBuildPhase section */
		283B069508CC4032A00F1335 /* [CP] Embed Pods Frameworks */ = {
			isa = PBXShellScriptBuildPhase;
			buildActionMask = 2147483647;
			files = (
			);
			inputPaths = (
				"${PODS_ROOT}/Target Support Files/Pods-AppleReserver/Pods-AppleReserver-frameworks.sh",
				"${BUILT_PRODUCTS_DIR}/Alamofire/Alamofire.framework",
			);
			name = "[CP] Embed Pods Frameworks";
			outputPaths = (
				"${TARGET_BUILD_DIR}/${FRAMEWORKS_FOLDER_PATH}/Alamofire.framework",
			);
			runOnlyForDeploymentPostprocessing = 0;
			shellPath = /bin/sh;
			shellScript = "\"${PODS_ROOT}/Target Support Files/Pods-AppleReserver/Pods-AppleReserver-frameworks.sh\"\n";
			showEnvVarsInLog = 0;
		};
		BEC73449C094493EE65914CD /* [CP] Check Pods Manifest.lock */ = {
			isa = PBXShellScriptBuildPhase;
			buildActionMask = 2147483647;
			files = (
			);
			inputPaths = (
				"${PODS_PODFILE_DIR_PATH}/Podfile.lock",
				"${PODS_ROOT}/Manifest.lock",
			);
			name = "[CP] Check Pods Manifest.lock";
			outputPaths = (
				"$(DERIVED_FILE_DIR)/Pods-AppleReserver-checkManifestLockResult.txt",
			);
			runOnlyForDeploymentPostprocessing = 0;
			shellPath = /bin/sh;
			shellScript = "diff \"${PODS_PODFILE_DIR_PATH}/Podfile.lock\" \"${PODS_ROOT}/Manifest.lock\" > /dev/null\nif [ $? != 0 ] ; then\n    # print error to STDERR\n    echo \"error: The sandbox is not in sync with the Podfile.lock. Run 'pod install' or update your CocoaPods installation.\" >&2\n    exit 1\nfi\n# This output is used by Xcode 'outputs' to avoid re-running this script phase.\necho \"SUCCESS\" > \"${SCRIPT_OUTPUT_FILE_0}\"\n";
			showEnvVarsInLog = 0;
		};
/* End PBXShellScriptBuildPhase section */

/* Begin PBXSourcesBuildPhase section */
		7DF7481A1F70F3D000949D8E /* Sources */ = {
			isa = PBXSourcesBuildPhase;
			buildActionMask = 2147483647;
			files = (
				7DF748421F71240C00949D8E /* Availability.swift in Sources */,
				7D11BD8D1F7154C100C8CAAA /* Product.swift in Sources */,
				7DF748381F70F7CC00949D8E /* Store.swift in Sources */,
				7DF748221F70F3D000949D8E /* AppDelegate.swift in Sources */,
				7DF748361F70F66800949D8E /* MainViewController.swift in Sources */,
				7DF7483B1F70FB6D00949D8E /* Constant.swift in Sources */,
				7DF748461F7128B700949D8E /* Device.swift in Sources */,
				7DF7483D1F70FCC400949D8E /* MainWindowController.swift in Sources */,
			);
			runOnlyForDeploymentPostprocessing = 0;
		};
/* End PBXSourcesBuildPhase section */

/* Begin PBXVariantGroup section */
		7DF748271F70F3D000949D8E /* Main.storyboard */ = {
			isa = PBXVariantGroup;
			children = (
				7DF748281F70F3D000949D8E /* Base */,
			);
			name = Main.storyboard;
			sourceTree = "<group>";
		};
/* End PBXVariantGroup section */

/* Begin XCBuildConfiguration section */
		7DF7482B1F70F3D000949D8E /* Debug */ = {
			isa = XCBuildConfiguration;
			buildSettings = {
				ALWAYS_SEARCH_USER_PATHS = NO;
				CLANG_ANALYZER_NONNULL = YES;
				CLANG_ANALYZER_NUMBER_OBJECT_CONVERSION = YES_AGGRESSIVE;
				CLANG_CXX_LANGUAGE_STANDARD = "gnu++0x";
				CLANG_CXX_LIBRARY = "libc++";
				CLANG_ENABLE_MODULES = YES;
				CLANG_ENABLE_OBJC_ARC = YES;
				CLANG_WARN_BLOCK_CAPTURE_AUTORELEASING = YES;
				CLANG_WARN_BOOL_CONVERSION = YES;
				CLANG_WARN_COMMA = YES;
				CLANG_WARN_CONSTANT_CONVERSION = YES;
				CLANG_WARN_DEPRECATED_OBJC_IMPLEMENTATIONS = YES;
				CLANG_WARN_DIRECT_OBJC_ISA_USAGE = YES_ERROR;
				CLANG_WARN_DOCUMENTATION_COMMENTS = YES;
				CLANG_WARN_EMPTY_BODY = YES;
				CLANG_WARN_ENUM_CONVERSION = YES;
				CLANG_WARN_INFINITE_RECURSION = YES;
				CLANG_WARN_INT_CONVERSION = YES;
				CLANG_WARN_NON_LITERAL_NULL_CONVERSION = YES;
				CLANG_WARN_OBJC_IMPLICIT_RETAIN_SELF = YES;
				CLANG_WARN_OBJC_LITERAL_CONVERSION = YES;
				CLANG_WARN_OBJC_ROOT_CLASS = YES_ERROR;
				CLANG_WARN_QUOTED_INCLUDE_IN_FRAMEWORK_HEADER = YES;
				CLANG_WARN_RANGE_LOOP_ANALYSIS = YES;
				CLANG_WARN_STRICT_PROTOTYPES = YES;
				CLANG_WARN_SUSPICIOUS_MOVE = YES;
				CLANG_WARN_UNREACHABLE_CODE = YES;
				CLANG_WARN__DUPLICATE_METHOD_MATCH = YES;
				CODE_SIGN_IDENTITY = "-";
				COPY_PHASE_STRIP = NO;
				CURRENT_PROJECT_VERSION = 10;
				DEBUG_INFORMATION_FORMAT = dwarf;
				ENABLE_STRICT_OBJC_MSGSEND = YES;
				ENABLE_TESTABILITY = YES;
				GCC_C_LANGUAGE_STANDARD = gnu99;
				GCC_DYNAMIC_NO_PIC = NO;
				GCC_NO_COMMON_BLOCKS = YES;
				GCC_OPTIMIZATION_LEVEL = 0;
				GCC_PREPROCESSOR_DEFINITIONS = (
					"DEBUG=1",
					"$(inherited)",
				);
				GCC_WARN_64_TO_32_BIT_CONVERSION = YES;
				GCC_WARN_ABOUT_RETURN_TYPE = YES_ERROR;
				GCC_WARN_UNDECLARED_SELECTOR = YES;
				GCC_WARN_UNINITIALIZED_AUTOS = YES_AGGRESSIVE;
				GCC_WARN_UNUSED_FUNCTION = YES;
				GCC_WARN_UNUSED_VARIABLE = YES;
				MACOSX_DEPLOYMENT_TARGET = 10.13;
				MTL_ENABLE_DEBUG_INFO = YES;
				ONLY_ACTIVE_ARCH = YES;
				SDKROOT = macosx;
				SWIFT_ACTIVE_COMPILATION_CONDITIONS = DEBUG;
				SWIFT_OPTIMIZATION_LEVEL = "-Onone";
				VERSIONING_SYSTEM = "apple-generic";
			};
			name = Debug;
		};
		7DF7482C1F70F3D000949D8E /* Release */ = {
			isa = XCBuildConfiguration;
			buildSettings = {
				ALWAYS_SEARCH_USER_PATHS = NO;
				CLANG_ANALYZER_NONNULL = YES;
				CLANG_ANALYZER_NUMBER_OBJECT_CONVERSION = YES_AGGRESSIVE;
				CLANG_CXX_LANGUAGE_STANDARD = "gnu++0x";
				CLANG_CXX_LIBRARY = "libc++";
				CLANG_ENABLE_MODULES = YES;
				CLANG_ENABLE_OBJC_ARC = YES;
				CLANG_WARN_BLOCK_CAPTURE_AUTORELEASING = YES;
				CLANG_WARN_BOOL_CONVERSION = YES;
				CLANG_WARN_COMMA = YES;
				CLANG_WARN_CONSTANT_CONVERSION = YES;
				CLANG_WARN_DEPRECATED_OBJC_IMPLEMENTATIONS = YES;
				CLANG_WARN_DIRECT_OBJC_ISA_USAGE = YES_ERROR;
				CLANG_WARN_DOCUMENTATION_COMMENTS = YES;
				CLANG_WARN_EMPTY_BODY = YES;
				CLANG_WARN_ENUM_CONVERSION = YES;
				CLANG_WARN_INFINITE_RECURSION = YES;
				CLANG_WARN_INT_CONVERSION = YES;
				CLANG_WARN_NON_LITERAL_NULL_CONVERSION = YES;
				CLANG_WARN_OBJC_IMPLICIT_RETAIN_SELF = YES;
				CLANG_WARN_OBJC_LITERAL_CONVERSION = YES;
				CLANG_WARN_OBJC_ROOT_CLASS = YES_ERROR;
				CLANG_WARN_QUOTED_INCLUDE_IN_FRAMEWORK_HEADER = YES;
				CLANG_WARN_RANGE_LOOP_ANALYSIS = YES;
				CLANG_WARN_STRICT_PROTOTYPES = YES;
				CLANG_WARN_SUSPICIOUS_MOVE = YES;
				CLANG_WARN_UNREACHABLE_CODE = YES;
				CLANG_WARN__DUPLICATE_METHOD_MATCH = YES;
				CODE_SIGN_IDENTITY = "-";
				COPY_PHASE_STRIP = NO;
				CURRENT_PROJECT_VERSION = 10;
				DEBUG_INFORMATION_FORMAT = "dwarf-with-dsym";
				ENABLE_NS_ASSERTIONS = NO;
				ENABLE_STRICT_OBJC_MSGSEND = YES;
				GCC_C_LANGUAGE_STANDARD = gnu99;
				GCC_NO_COMMON_BLOCKS = YES;
				GCC_WARN_64_TO_32_BIT_CONVERSION = YES;
				GCC_WARN_ABOUT_RETURN_TYPE = YES_ERROR;
				GCC_WARN_UNDECLARED_SELECTOR = YES;
				GCC_WARN_UNINITIALIZED_AUTOS = YES_AGGRESSIVE;
				GCC_WARN_UNUSED_FUNCTION = YES;
				GCC_WARN_UNUSED_VARIABLE = YES;
				MACOSX_DEPLOYMENT_TARGET = 10.13;
				MTL_ENABLE_DEBUG_INFO = NO;
				SDKROOT = macosx;
				SWIFT_OPTIMIZATION_LEVEL = "-Owholemodule";
				VERSIONING_SYSTEM = "apple-generic";
			};
			name = Release;
		};
		7DF7482E1F70F3D000949D8E /* Debug */ = {
			isa = XCBuildConfiguration;
			baseConfigurationReference = 0A22BD26D8A0614EE0AB6B2F /* Pods-AppleReserver.debug.xcconfig */;
			buildSettings = {
				ASSETCATALOG_COMPILER_APPICON_NAME = AppIcon;
				CODE_SIGN_IDENTITY = "-";
				COMBINE_HIDPI_IMAGES = YES;
				DEVELOPMENT_TEAM = "";
				INFOPLIST_FILE = AppleReserver/Info.plist;
				LD_RUNPATH_SEARCH_PATHS = "$(inherited) @executable_path/../Frameworks";
				MACOSX_DEPLOYMENT_TARGET = 10.11;
				PRODUCT_BUNDLE_IDENTIFIER = net.sunnyyoung.AppleReserver;
				PRODUCT_NAME = "$(TARGET_NAME)";
				SWIFT_VERSION = 5.0;
			};
			name = Debug;
		};
		7DF7482F1F70F3D000949D8E /* Release */ = {
			isa = XCBuildConfiguration;
			baseConfigurationReference = 49A7ABB83FFA27EE2FCEA332 /* Pods-AppleReserver.release.xcconfig */;
			buildSettings = {
				ASSETCATALOG_COMPILER_APPICON_NAME = AppIcon;
				CODE_SIGN_IDENTITY = "-";
				COMBINE_HIDPI_IMAGES = YES;
				DEVELOPMENT_TEAM = "";
				INFOPLIST_FILE = AppleReserver/Info.plist;
				LD_RUNPATH_SEARCH_PATHS = "$(inherited) @executable_path/../Frameworks";
				MACOSX_DEPLOYMENT_TARGET = 10.11;
				PRODUCT_BUNDLE_IDENTIFIER = net.sunnyyoung.AppleReserver;
				PRODUCT_NAME = "$(TARGET_NAME)";
				SWIFT_VERSION = 5.0;
			};
			name = Release;
		};
/* End XCBuildConfiguration section */

/* Begin XCConfigurationList section */
		7DF748191F70F3D000949D8E /* Build configuration list for PBXProject "AppleReserver" */ = {
			isa = XCConfigurationList;
			buildConfigurations = (
				7DF7482B1F70F3D000949D8E /* Debug */,
				7DF7482C1F70F3D000949D8E /* Release */,
			);
			defaultConfigurationIsVisible = 0;
			defaultConfigurationName = Release;
		};
		7DF7482D1F70F3D000949D8E /* Build configuration list for PBXNativeTarget "AppleReserver" */ = {
			isa = XCConfigurationList;
			buildConfigurations = (
				7DF7482E1F70F3D000949D8E /* Debug */,
				7DF7482F1F70F3D000949D8E /* Release */,
			);
			defaultConfigurationIsVisible = 0;
			defaultConfigurationName = Release;
		};
/* End XCConfigurationList section */
	};
	rootObject = 7DF748161F70F3D000949D8E /* Project object */;
}
